
Microsoft Visual Studio Solution File, Format Version 12.00
# Visual Studio Version 17
VisualStudioVersion = 17.3.32929.385
MinimumVisualStudioVersion = 10.0.40219.1
Project("{9A19103F-16F7-4668-BE54-9A1E7A4F7556}") = "HEP-BezStruje", "HEP-BezStruje\HEP-BezStruje.csproj", "{BDCC3A2E-DA71-489F-96B7-C1C85ABF9BDB}"
EndProject
Global
	GlobalSection(SolutionConfigurationPlatforms) = preSolution
		Debug|Any CPU = Debug|Any CPU
		Release|Any CPU = Release|Any CPU
	EndGlobalSection
	GlobalSection(ProjectConfigurationPlatforms) = postSolution
		{BDCC3A2E-DA71-489F-96B7-C1C85ABF9BDB}.Debug|Any CPU.ActiveCfg = Debug|Any CPU
		{BDCC3A2E-DA71-489F-96B7-C1C85ABF9BDB}.Debug|Any CPU.Build.0 = Debug|Any CPU
		{BDCC3A2E-DA71-489F-96B7-C1C85ABF9BDB}.Release|Any CPU.ActiveCfg = Release|Any CPU
		{BDCC3A2E-DA71-489F-96B7-C1C85ABF9BDB}.Release|Any CPU.Build.0 = Release|Any CPU
	EndGlobalSection
	GlobalSection(SolutionProperties) = preSolution
		HideSolutionNode = FALSE
	EndGlobalSection
	GlobalSection(ExtensibilityGlobals) = postSolution
		SolutionGuid = {1DF8CF6C-C30F-4560-B5C6-83EAC160AE36}
	EndGlobalSection
EndGlobal
